<?xml version="1.0" encoding="utf-8"?>
<Project ToolsVersion="4.0" xmlns="http://schemas.microsoft.com/developer/msbuild/2003">
  <ItemGroup>
    <Filter Include="Resource Files">
      <UniqueIdentifier>{c66a665d-c48a-4c7b-9539-dabf8985da69}</UniqueIdentifier>
    </Filter>
    <Filter Include="Source Files">
      <UniqueIdentifier>{1b241909-f987-41c5-aeea-b5b8f6103d34}</UniqueIdentifier>
    </Filter>
    <Filter Include="Header Files">
      <UniqueIdentifier>{322d8e35-0372-409d-8ee2-f15cbbb104e2}</UniqueIdentifier>
    </Filter>
  </ItemGroup>
  <ItemGroup>
    <ClCompile Include="..\source\main.cpp">
      <Filter>Source Files</Filter>
    </ClCompile>
  </ItemGroup>
  <ItemGroup>
    <ResourceCompile Include="..\source\res.rc">
      <Filter>Resource Files</Filter>
    </ResourceCompile>
  </ItemGroup>
  <ItemGroup>
    <ClInclude Include="..\source\res.h">
      <Filter>Header Files</Filter>
    </ClInclude>
  </ItemGroup>
  <ItemGroup>
    <Image Include="..\source\bitmap1.bmp" />
    <Image Include="mucha.bmp" />
    <Image Include="..\source\mucha.bmp" />
    <Image Include="mucharip.bmp" />
    <Image Include="..\source\mucharip.bmp" />
    <Image Include="..\source\mucha2.bmp" />
    <Image Include="..\source\mucharip2.bmp" />
    <Image Include="..\source\bitmap4.bmp" />
    <Image Include="bialetlo.bmp" />
    <Image Include="..\source\bialetlo.bmp" />
    <Image Include="..\source\bialeTloDuze.bmp" />
    <Image Include="dziura.bmp" />
    <Image Include="..\source\dziura.bmp" />
    <Image Include="..\source\bitmap6.bmp" />
    <Image Include="player_80.bmp" />
    <Image Include="..\source\player_80.bmp" />
    <Image Include="zombie_100.bmp" />
    <Image Include="..\source\zombie_100.bmp" />
    <Image Include="white_zombie_100.bmp" />
    <Image Include="..\source\white_zombie_100.bmp" />
    <Image Include="white_player_80.bmp" />
    <Image Include="..\source\white_player_80.bmp" />
    <Image Include="bullet_3.bmp" />
    <Image Include="..\source\bullet_3.bmp" />
    <Image Include="zombie_dead_100.bmp" />
    <Image Include="..\source\zombie_dead_100.bmp" />
  </ItemGroup>
</Project>